
Microsoft Visual Studio Solution File, Format Version 12.00
# Visual Studio 2017
Project("{FAE04EC0-301F-11D3-BF4B-00C04F79EFBC}") = "UISystem", "UISystem.csproj", "{7A58A51F-0B6C-6BBE-BEE7-AA728C0713ED}"
EndProject
Project("{FAE04EC0-301F-11D3-BF4B-00C04F79EFBC}") = "UISystem.Editor", "UISystem.Editor.csproj", "{8B7171A3-8FBC-E2E8-EB08-568D22FFEED8}"
EndProject
Global
	GlobalSection(SolutionConfigurationPlatforms) = preSolution
		Debug|Any CPU = Debug|Any CPU
		Release|Any CPU = Release|Any CPU
	EndGlobalSection
	GlobalSection(ProjectConfigurationPlatforms) = postSolution
		{7A58A51F-0B6C-6BBE-BEE7-AA728C0713ED}.Debug|Any CPU.ActiveCfg = Debug|Any CPU
		{7A58A51F-0B6C-6BBE-BEE7-AA728C0713ED}.Debug|Any CPU.Build.0 = Debug|Any CPU
		{7A58A51F-0B6C-6BBE-BEE7-AA728C0713ED}.Release|Any CPU.ActiveCfg = Release|Any CPU
		{7A58A51F-0B6C-6BBE-BEE7-AA728C0713ED}.Release|Any CPU.Build.0 = Release|Any CPU
		{8B7171A3-8FBC-E2E8-EB08-568D22FFEED8}.Debug|Any CPU.ActiveCfg = Debug|Any CPU
		{8B7171A3-8FBC-E2E8-EB08-568D22FFEED8}.Debug|Any CPU.Build.0 = Debug|Any CPU
		{8B7171A3-8FBC-E2E8-EB08-568D22FFEED8}.Release|Any CPU.ActiveCfg = Release|Any CPU
		{8B7171A3-8FBC-E2E8-EB08-568D22FFEED8}.Release|Any CPU.Build.0 = Release|Any CPU
	EndGlobalSection
	GlobalSection(SolutionProperties) = preSolution
		HideSolutionNode = FALSE
	EndGlobalSection
EndGlobal
