
Microsoft Visual Studio Solution File, Format Version 11.00
# Visual Studio 2010
Project("{FAE04EC0-301F-11D3-BF4B-00C04F79EFBC}") = "PPlayerMovement", "Assembly-CSharp-firstpass.csproj", "{E5C76459-C648-62FD-7B4A-9D54B53AF746}"
EndProject
Project("{FAE04EC0-301F-11D3-BF4B-00C04F79EFBC}") = "PPlayerMovement", "Assembly-CSharp.csproj", "{A286C548-5E59-F899-CE97-C110BB3B1AA6}"
EndProject
Global
	GlobalSection(SolutionConfigurationPlatforms) = preSolution
		Debug|Any CPU = Debug|Any CPU
		Release|Any CPU = Release|Any CPU
	EndGlobalSection
	GlobalSection(ProjectConfigurationPlatforms) = postSolution
		{E5C76459-C648-62FD-7B4A-9D54B53AF746}.Debug|Any CPU.ActiveCfg = Debug|Any CPU
		{E5C76459-C648-62FD-7B4A-9D54B53AF746}.Debug|Any CPU.Build.0 = Debug|Any CPU
		{E5C76459-C648-62FD-7B4A-9D54B53AF746}.Release|Any CPU.ActiveCfg = Release|Any CPU
		{E5C76459-C648-62FD-7B4A-9D54B53AF746}.Release|Any CPU.Build.0 = Release|Any CPU
		{A286C548-5E59-F899-CE97-C110BB3B1AA6}.Debug|Any CPU.ActiveCfg = Debug|Any CPU
		{A286C548-5E59-F899-CE97-C110BB3B1AA6}.Debug|Any CPU.Build.0 = Debug|Any CPU
		{A286C548-5E59-F899-CE97-C110BB3B1AA6}.Release|Any CPU.ActiveCfg = Release|Any CPU
		{A286C548-5E59-F899-CE97-C110BB3B1AA6}.Release|Any CPU.Build.0 = Release|Any CPU
	EndGlobalSection
	GlobalSection(SolutionProperties) = preSolution
		HideSolutionNode = FALSE
	EndGlobalSection
	GlobalSection(MonoDevelopProperties) = preSolution
		StartupItem = Assembly-CSharp.csproj
	EndGlobalSection
EndGlobal
